
Microsoft Visual Studio Solution File, Format Version 12.00
# Visual Studio Version 16
VisualStudioVersion = 16.0.33214.272
MinimumVisualStudioVersion = 10.0.40219.1
Project("{9A19103F-16F7-4668-BE54-9A1E7A4F7556}") = "BookStore", "BookStore.csproj", "{6C582D8D-2E3F-4679-B15F-AEFE1A3D784B}"
EndProject
Global
	GlobalSection(SolutionConfigurationPlatforms) = preSolution
		Debug|Any CPU = Debug|Any CPU
		Release|Any CPU = Release|Any CPU
	EndGlobalSection
	GlobalSection(ProjectConfigurationPlatforms) = postSolution
		{6C582D8D-2E3F-4679-B15F-AEFE1A3D784B}.Debug|Any CPU.ActiveCfg = Debug|Any CPU
		{6C582D8D-2E3F-4679-B15F-AEFE1A3D784B}.Debug|Any CPU.Build.0 = Debug|Any CPU
		{6C582D8D-2E3F-4679-B15F-AEFE1A3D784B}.Release|Any CPU.ActiveCfg = Release|Any CPU
		{6C582D8D-2E3F-4679-B15F-AEFE1A3D784B}.Release|Any CPU.Build.0 = Release|Any CPU
	EndGlobalSection
	GlobalSection(SolutionProperties) = preSolution
		HideSolutionNode = FALSE
	EndGlobalSection
	GlobalSection(ExtensibilityGlobals) = postSolution
		SolutionGuid = {8958AFB9-8351-4695-866B-CAA203CCE999}
	EndGlobalSection
EndGlobal
